
Microsoft Visual Studio Solution File, Format Version 12.00
# Visual Studio 15
VisualStudioVersion = 15.0.28307.1300
MinimumVisualStudioVersion = 10.0.40219.1
Project("{FAE04EC0-301F-11D3-BF4B-00C04F79EFBC}") = "SK-FuR - Import Routine (Parameter)", "SK-FuR - Import Routine (Parameter)\SK-FuR - Import Routine (Parameter).csproj", "{70DEDF16-D7D2-44B8-A5ED-DBC42FB6B06D}"
EndProject
Global
	GlobalSection(SolutionConfigurationPlatforms) = preSolution
		Debug|Any CPU = Debug|Any CPU
		Debug|x64 = Debug|x64
		Debug|x86 = Debug|x86
		Release|Any CPU = Release|Any CPU
		Release|x64 = Release|x64
		Release|x86 = Release|x86
	EndGlobalSection
	GlobalSection(ProjectConfigurationPlatforms) = postSolution
		{70DEDF16-D7D2-44B8-A5ED-DBC42FB6B06D}.Debug|Any CPU.ActiveCfg = Debug|Any CPU
		{70DEDF16-D7D2-44B8-A5ED-DBC42FB6B06D}.Debug|Any CPU.Build.0 = Debug|Any CPU
		{70DEDF16-D7D2-44B8-A5ED-DBC42FB6B06D}.Debug|x64.ActiveCfg = Debug|x64
		{70DEDF16-D7D2-44B8-A5ED-DBC42FB6B06D}.Debug|x64.Build.0 = Debug|x64
		{70DEDF16-D7D2-44B8-A5ED-DBC42FB6B06D}.Debug|x86.ActiveCfg = Debug|x86
		{70DEDF16-D7D2-44B8-A5ED-DBC42FB6B06D}.Debug|x86.Build.0 = Debug|x86
		{70DEDF16-D7D2-44B8-A5ED-DBC42FB6B06D}.Release|Any CPU.ActiveCfg = Release|Any CPU
		{70DEDF16-D7D2-44B8-A5ED-DBC42FB6B06D}.Release|Any CPU.Build.0 = Release|Any CPU
		{70DEDF16-D7D2-44B8-A5ED-DBC42FB6B06D}.Release|x64.ActiveCfg = Release|x64
		{70DEDF16-D7D2-44B8-A5ED-DBC42FB6B06D}.Release|x64.Build.0 = Release|x64
		{70DEDF16-D7D2-44B8-A5ED-DBC42FB6B06D}.Release|x86.ActiveCfg = Release|x86
		{70DEDF16-D7D2-44B8-A5ED-DBC42FB6B06D}.Release|x86.Build.0 = Release|x86
	EndGlobalSection
	GlobalSection(SolutionProperties) = preSolution
		HideSolutionNode = FALSE
	EndGlobalSection
	GlobalSection(ExtensibilityGlobals) = postSolution
		SolutionGuid = {8D5D6AF3-048D-485D-8BF9-BF49BCE401C0}
	EndGlobalSection
EndGlobal
