
Microsoft Visual Studio Solution File, Format Version 12.00
# Visual Studio 15
VisualStudioVersion = 15.0.28010.2019
MinimumVisualStudioVersion = 10.0.40219.1
Project("{FAE04EC0-301F-11D3-BF4B-00C04F79EFBC}") = "SelectFilesSKA", "SelectFilesSKA\SelectFilesSKA.csproj", "{4B0F3BE7-8536-46D7-83BF-755950146E1E}"
EndProject
Global
	GlobalSection(SolutionConfigurationPlatforms) = preSolution
		Debug|Any CPU = Debug|Any CPU
		Release|Any CPU = Release|Any CPU
	EndGlobalSection
	GlobalSection(ProjectConfigurationPlatforms) = postSolution
		{4B0F3BE7-8536-46D7-83BF-755950146E1E}.Debug|Any CPU.ActiveCfg = Debug|Any CPU
		{4B0F3BE7-8536-46D7-83BF-755950146E1E}.Debug|Any CPU.Build.0 = Debug|Any CPU
		{4B0F3BE7-8536-46D7-83BF-755950146E1E}.Release|Any CPU.ActiveCfg = Release|Any CPU
		{4B0F3BE7-8536-46D7-83BF-755950146E1E}.Release|Any CPU.Build.0 = Release|Any CPU
	EndGlobalSection
	GlobalSection(SolutionProperties) = preSolution
		HideSolutionNode = FALSE
	EndGlobalSection
	GlobalSection(ExtensibilityGlobals) = postSolution
		SolutionGuid = {ABCDB63D-C858-4060-A60F-7AD99F3227A1}
	EndGlobalSection
EndGlobal
